
Microsoft Visual Studio Solution File, Format Version 12.00
# Visual Studio 15
VisualStudioVersion = 15.0.27004.2002
MinimumVisualStudioVersion = 10.0.40219.1
Project("{FAE04EC0-301F-11D3-BF4B-00C04F79EFBC}") = "Piece Of Shit", "Piece Of Shit\Piece Of Shit.csproj", "{A75C028C-3E6A-4381-BB2C-576EC4B113E0}"
EndProject
Global
	GlobalSection(SolutionConfigurationPlatforms) = preSolution
		Debug|Any CPU = Debug|Any CPU
		Release|Any CPU = Release|Any CPU
	EndGlobalSection
	GlobalSection(ProjectConfigurationPlatforms) = postSolution
		{A75C028C-3E6A-4381-BB2C-576EC4B113E0}.Debug|Any CPU.ActiveCfg = Debug|Any CPU
		{A75C028C-3E6A-4381-BB2C-576EC4B113E0}.Debug|Any CPU.Build.0 = Debug|Any CPU
		{A75C028C-3E6A-4381-BB2C-576EC4B113E0}.Release|Any CPU.ActiveCfg = Release|Any CPU
		{A75C028C-3E6A-4381-BB2C-576EC4B113E0}.Release|Any CPU.Build.0 = Release|Any CPU
	EndGlobalSection
	GlobalSection(SolutionProperties) = preSolution
		HideSolutionNode = FALSE
	EndGlobalSection
	GlobalSection(ExtensibilityGlobals) = postSolution
		SolutionGuid = {B04238F5-0C08-45E2-9FED-DA98FF687D47}
	EndGlobalSection
EndGlobal
